
Microsoft Visual Studio Solution File, Format Version 12.00
# Visual Studio Version 17
VisualStudioVersion = 17.3.32825.248
MinimumVisualStudioVersion = 10.0.40219.1
Project("{FAE04EC0-301F-11D3-BF4B-00C04F79EFBC}") = "Harshad numbers", "Harshad numbers\Harshad numbers.csproj", "{FFB354A0-1030-43B4-83D9-C28AD06B804B}"
EndProject
Global
	GlobalSection(SolutionConfigurationPlatforms) = preSolution
		Debug|Any CPU = Debug|Any CPU
		Release|Any CPU = Release|Any CPU
	EndGlobalSection
	GlobalSection(ProjectConfigurationPlatforms) = postSolution
		{FFB354A0-1030-43B4-83D9-C28AD06B804B}.Debug|Any CPU.ActiveCfg = Debug|Any CPU
		{FFB354A0-1030-43B4-83D9-C28AD06B804B}.Debug|Any CPU.Build.0 = Debug|Any CPU
		{FFB354A0-1030-43B4-83D9-C28AD06B804B}.Release|Any CPU.ActiveCfg = Release|Any CPU
		{FFB354A0-1030-43B4-83D9-C28AD06B804B}.Release|Any CPU.Build.0 = Release|Any CPU
	EndGlobalSection
	GlobalSection(SolutionProperties) = preSolution
		HideSolutionNode = FALSE
	EndGlobalSection
	GlobalSection(ExtensibilityGlobals) = postSolution
		SolutionGuid = {891ADEF0-365F-429D-8DCC-1D8A95CD0457}
	EndGlobalSection
EndGlobal
